{
  "version": 4,
  "terraform_version": "1.0.9",
  "serial": 1,
  "lineage": "9c77d74d-11c2-3ce4-2459-ec474e1b7dbd",
  "outputs": {},
  "resources": [
    {
      "mode": "managed",
      "type": "aws_vpc",
      "name": "my_vpc",
      "provider": "provider[\"registry.terraform.io/hashicorp/aws\"]",
      "instances": [
        {
          "schema_version": 1,
          "attributes": {
            "arn": "arn:aws:ec2:us-west-2:414329293486:vpc/vpc-0eef4d337b7dfab4e",
            "assign_generated_ipv6_cidr_block": false,
            "cidr_block": "10.0.0.0/16",
            "default_network_acl_id": "acl-02c8ad85545d16a7f",
            "default_route_table_id": "rtb-09f5496eed191215d",
            "default_security_group_id": "sg-0180b5017dedd0069",
            "dhcp_options_id": "dopt-0111d7f87c9de5f25",
            "enable_classiclink": false,
            "enable_classiclink_dns_support": false,
            "enable_dns_hostnames": false,
            "enable_dns_support": false,
            "id": "vpc-0eef4d337b7dfab4e",
            "instance_tenancy": "default",
            "ipv6_association_id": "",
            "ipv6_cidr_block": "",
            "main_route_table_id": "rtb-09f5496eed191215d",
            "owner_id": "414329293486",
            "tags": null,
            "tags_all": {}
          },
          "sensitive_attributes": [],
          "private": "eyJzY2hlbWFfdmVyc2lvbiI6IjEifQ=="
        }
      ]
    }
  ]
}
